
Microsoft Visual Studio Solution File, Format Version 12.00
# Visual Studio Version 17
VisualStudioVersion = 17.11.35312.102
MinimumVisualStudioVersion = 10.0.40219.1
Project("{FAE04EC0-301F-11D3-BF4B-00C04F79EFBC}") = "API", "API.csproj", "{C39957C1-DDB4-4640-B735-4DD3702B7159}"
EndProject
Global
	GlobalSection(SolutionConfigurationPlatforms) = preSolution
		Debug|Any CPU = Debug|Any CPU
		Release|Any CPU = Release|Any CPU
	EndGlobalSection
	GlobalSection(ProjectConfigurationPlatforms) = postSolution
		{C39957C1-DDB4-4640-B735-4DD3702B7159}.Debug|Any CPU.ActiveCfg = Debug|Any CPU
		{C39957C1-DDB4-4640-B735-4DD3702B7159}.Debug|Any CPU.Build.0 = Debug|Any CPU
		{C39957C1-DDB4-4640-B735-4DD3702B7159}.Release|Any CPU.ActiveCfg = Release|Any CPU
		{C39957C1-DDB4-4640-B735-4DD3702B7159}.Release|Any CPU.Build.0 = Release|Any CPU
	EndGlobalSection
	GlobalSection(SolutionProperties) = preSolution
		HideSolutionNode = FALSE
	EndGlobalSection
	GlobalSection(ExtensibilityGlobals) = postSolution
		SolutionGuid = {838D9245-B3C3-41F4-9D8C-3AA5F0730E37}
	EndGlobalSection
EndGlobal
